// !$*UTF8*$!
{
	archiveVersion = 1;
	classes = {
	};
	objectVersion = 77;
	objects = {

/* Begin PBXBuildFile section */
		A708E2B82DDE5D3100EA2777 /* WidgetKit.framework in Frameworks */ = {isa = PBXBuildFile; fileRef = A711C1322DC6712B00A6D309 /* WidgetKit.framework */; };
		A708E2B92DDE5D3100EA2777 /* SwiftUI.framework in Frameworks */ = {isa = PBXBuildFile; fileRef = A711C1342DC6712B00A6D309 /* SwiftUI.framework */; };
		A721125A2DDE955000603F32 /* HydrationWidgetExtension.appex in Embed App Extensions */ = {isa = PBXBuildFile; fileRef = A708E2B72DDE5D3100EA2777 /* HydrationWidgetExtension.appex */; settings = {ATTRIBUTES = (RemoveHeadersOnCopy, ); }; };
		A77BBE4B2DC5872400D2B633 /* Watch Hydration Watch App.app in Embed Watch Content */ = {isa = PBXBuildFile; fileRef = A77BBE4A2DC5872400D2B633 /* Watch Hydration Watch App.app */; settings = {ATTRIBUTES = (RemoveHeadersOnCopy, ); }; };
/* End PBXBuildFile section */

/* Begin PBXContainerItemProxy section */
		A721124D2DDE769C00603F32 /* PBXContainerItemProxy */ = {
			isa = PBXContainerItemProxy;
			containerPortal = A77BBE3E2DC5872400D2B633 /* Project object */;
			proxyType = 1;
			remoteGlobalIDString = A708E2B62DDE5D3100EA2777;
			remoteInfo = HydrationWidgetExtension;
		};
		A77BBE4C2DC5872400D2B633 /* PBXContainerItemProxy */ = {
			isa = PBXContainerItemProxy;
			containerPortal = A77BBE3E2DC5872400D2B633 /* Project object */;
			proxyType = 1;
			remoteGlobalIDString = A77BBE492DC5872400D2B633;
			remoteInfo = "Watch Hydration Watch App";
		};
		A77BBE5A2DC5872500D2B633 /* PBXContainerItemProxy */ = {
			isa = PBXContainerItemProxy;
			containerPortal = A77BBE3E2DC5872400D2B633 /* Project object */;
			proxyType = 1;
			remoteGlobalIDString = A77BBE492DC5872400D2B633;
			remoteInfo = "Watch Hydration Watch App";
		};
		A77BBE642DC5872500D2B633 /* PBXContainerItemProxy */ = {
			isa = PBXContainerItemProxy;
			containerPortal = A77BBE3E2DC5872400D2B633 /* Project object */;
			proxyType = 1;
			remoteGlobalIDString = A77BBE492DC5872400D2B633;
			remoteInfo = "Watch Hydration Watch App";
		};
/* End PBXContainerItemProxy section */

/* Begin PBXCopyFilesBuildPhase section */
		A711C1662DC6774000A6D309 /* Embed Frameworks */ = {
			isa = PBXCopyFilesBuildPhase;
			buildActionMask = 2147483647;
			dstPath = "";
			dstSubfolderSpec = 10;
			files = (
			);
			name = "Embed Frameworks";
			runOnlyForDeploymentPostprocessing = 0;
		};
		A721124F2DDE769C00603F32 /* Embed Foundation Extensions */ = {
			isa = PBXCopyFilesBuildPhase;
			buildActionMask = 2147483647;
			dstPath = "";
			dstSubfolderSpec = 13;
			files = (
			);
			name = "Embed Foundation Extensions";
			runOnlyForDeploymentPostprocessing = 0;
		};
		A72112592DDE950600603F32 /* Embed App Extensions */ = {
			isa = PBXCopyFilesBuildPhase;
			buildActionMask = 2147483647;
			dstPath = "";
			dstSubfolderSpec = 13;
			files = (
				A721125A2DDE955000603F32 /* HydrationWidgetExtension.appex in Embed App Extensions */,
			);
			name = "Embed App Extensions";
			runOnlyForDeploymentPostprocessing = 0;
		};
		A77BBE702DC5872500D2B633 /* Embed Watch Content */ = {
			isa = PBXCopyFilesBuildPhase;
			buildActionMask = 2147483647;
			dstPath = "$(CONTENTS_FOLDER_PATH)/Watch";
			dstSubfolderSpec = 16;
			files = (
				A77BBE4B2DC5872400D2B633 /* Watch Hydration Watch App.app in Embed Watch Content */,
			);
			name = "Embed Watch Content";
			runOnlyForDeploymentPostprocessing = 0;
		};
/* End PBXCopyFilesBuildPhase section */

/* Begin PBXFileReference section */
		A708E2B72DDE5D3100EA2777 /* HydrationWidgetExtension.appex */ = {isa = PBXFileReference; explicitFileType = "wrapper.app-extension"; includeInIndex = 0; path = HydrationWidgetExtension.appex; sourceTree = BUILT_PRODUCTS_DIR; };
		A711C1322DC6712B00A6D309 /* WidgetKit.framework */ = {isa = PBXFileReference; lastKnownFileType = wrapper.framework; name = WidgetKit.framework; path = System/Library/Frameworks/WidgetKit.framework; sourceTree = SDKROOT; };
		A711C1342DC6712B00A6D309 /* SwiftUI.framework */ = {isa = PBXFileReference; lastKnownFileType = wrapper.framework; name = SwiftUI.framework; path = System/Library/Frameworks/SwiftUI.framework; sourceTree = SDKROOT; };
		A721124B2DDE71F100603F32 /* HydrationWidgetExtension.entitlements */ = {isa = PBXFileReference; lastKnownFileType = text.plist.entitlements; path = HydrationWidgetExtension.entitlements; sourceTree = "<group>"; };
		A77BBE442DC5872400D2B633 /* Watch Hydration.app */ = {isa = PBXFileReference; explicitFileType = wrapper.application; includeInIndex = 0; path = "Watch Hydration.app"; sourceTree = BUILT_PRODUCTS_DIR; };
		A77BBE4A2DC5872400D2B633 /* Watch Hydration Watch App.app */ = {isa = PBXFileReference; explicitFileType = wrapper.application; includeInIndex = 0; path = "Watch Hydration Watch App.app"; sourceTree = BUILT_PRODUCTS_DIR; };
		A77BBE592DC5872500D2B633 /* Watch Hydration Watch AppTests.xctest */ = {isa = PBXFileReference; explicitFileType = wrapper.cfbundle; includeInIndex = 0; path = "Watch Hydration Watch AppTests.xctest"; sourceTree = BUILT_PRODUCTS_DIR; };
		A77BBE632DC5872500D2B633 /* Watch Hydration Watch AppUITests.xctest */ = {isa = PBXFileReference; explicitFileType = wrapper.cfbundle; includeInIndex = 0; path = "Watch Hydration Watch AppUITests.xctest"; sourceTree = BUILT_PRODUCTS_DIR; };
		A77BBE8C2DC588BF00D2B633 /* Info.plist */ = {isa = PBXFileReference; lastKnownFileType = text.plist.xml; path = Info.plist; sourceTree = "<group>"; };
/* End PBXFileReference section */

/* Begin PBXFileSystemSynchronizedBuildFileExceptionSet section */
		A708E2C82DDE5D3200EA2777 /* Exceptions for "HydrationWidget" folder in "HydrationWidgetExtension" target */ = {
			isa = PBXFileSystemSynchronizedBuildFileExceptionSet;
			membershipExceptions = (
				Info.plist,
			);
			target = A708E2B62DDE5D3100EA2777 /* HydrationWidgetExtension */;
		};
		A77BBE952DC5899E00D2B633 /* Exceptions for "Watch Hydration Watch App" folder in "Watch Hydration Watch App" target */ = {
			isa = PBXFileSystemSynchronizedBuildFileExceptionSet;
			membershipExceptions = (
				Info.plist,
			);
			target = A77BBE492DC5872400D2B633 /* Watch Hydration Watch App */;
		};
/* End PBXFileSystemSynchronizedBuildFileExceptionSet section */

/* Begin PBXFileSystemSynchronizedRootGroup section */
		A708E2BA2DDE5D3100EA2777 /* HydrationWidget */ = {
			isa = PBXFileSystemSynchronizedRootGroup;
			exceptions = (
				A708E2C82DDE5D3200EA2777 /* Exceptions for "HydrationWidget" folder in "HydrationWidgetExtension" target */,
			);
			path = HydrationWidget;
			sourceTree = "<group>";
		};
		A711C15C2DC6774000A6D309 /* Watch Hydration SharedTests */ = {
			isa = PBXFileSystemSynchronizedRootGroup;
			path = "Watch Hydration SharedTests";
			sourceTree = "<group>";
		};
		A77BBE4E2DC5872400D2B633 /* Watch Hydration Watch App */ = {
			isa = PBXFileSystemSynchronizedRootGroup;
			exceptions = (
				A77BBE952DC5899E00D2B633 /* Exceptions for "Watch Hydration Watch App" folder in "Watch Hydration Watch App" target */,
			);
			path = "Watch Hydration Watch App";
			sourceTree = "<group>";
		};
		A77BBE5C2DC5872500D2B633 /* Watch Hydration Watch AppTests */ = {
			isa = PBXFileSystemSynchronizedRootGroup;
			path = "Watch Hydration Watch AppTests";
			sourceTree = "<group>";
		};
		A77BBE662DC5872500D2B633 /* Watch Hydration Watch AppUITests */ = {
			isa = PBXFileSystemSynchronizedRootGroup;
			path = "Watch Hydration Watch AppUITests";
			sourceTree = "<group>";
		};
/* End PBXFileSystemSynchronizedRootGroup section */

/* Begin PBXFrameworksBuildPhase section */
		A708E2B42DDE5D3100EA2777 /* Frameworks */ = {
			isa = PBXFrameworksBuildPhase;
			buildActionMask = 2147483647;
			files = (
				A708E2B92DDE5D3100EA2777 /* SwiftUI.framework in Frameworks */,
				A708E2B82DDE5D3100EA2777 /* WidgetKit.framework in Frameworks */,
			);
			runOnlyForDeploymentPostprocessing = 0;
		};
		A77BBE472DC5872400D2B633 /* Frameworks */ = {
			isa = PBXFrameworksBuildPhase;
			buildActionMask = 2147483647;
			files = (
			);
			runOnlyForDeploymentPostprocessing = 0;
		};
		A77BBE562DC5872500D2B633 /* Frameworks */ = {
			isa = PBXFrameworksBuildPhase;
			buildActionMask = 2147483647;
			files = (
			);
			runOnlyForDeploymentPostprocessing = 0;
		};
		A77BBE602DC5872500D2B633 /* Frameworks */ = {
			isa = PBXFrameworksBuildPhase;
			buildActionMask = 2147483647;
			files = (
			);
			runOnlyForDeploymentPostprocessing = 0;
		};
/* End PBXFrameworksBuildPhase section */

/* Begin PBXGroup section */
		A711C1312DC6712B00A6D309 /* Frameworks */ = {
			isa = PBXGroup;
			children = (
				A711C1322DC6712B00A6D309 /* WidgetKit.framework */,
				A711C1342DC6712B00A6D309 /* SwiftUI.framework */,
			);
			name = Frameworks;
			sourceTree = "<group>";
		};
		A77BBE3D2DC5872400D2B633 = {
			isa = PBXGroup;
			children = (
				A721124B2DDE71F100603F32 /* HydrationWidgetExtension.entitlements */,
				A77BBE8C2DC588BF00D2B633 /* Info.plist */,
				A77BBE4E2DC5872400D2B633 /* Watch Hydration Watch App */,
				A77BBE5C2DC5872500D2B633 /* Watch Hydration Watch AppTests */,
				A77BBE662DC5872500D2B633 /* Watch Hydration Watch AppUITests */,
				A711C15C2DC6774000A6D309 /* Watch Hydration SharedTests */,
				A708E2BA2DDE5D3100EA2777 /* HydrationWidget */,
				A711C1312DC6712B00A6D309 /* Frameworks */,
				A77BBE452DC5872400D2B633 /* Products */,
			);
			sourceTree = "<group>";
		};
		A77BBE452DC5872400D2B633 /* Products */ = {
			isa = PBXGroup;
			children = (
				A77BBE442DC5872400D2B633 /* Watch Hydration.app */,
				A77BBE4A2DC5872400D2B633 /* Watch Hydration Watch App.app */,
				A77BBE592DC5872500D2B633 /* Watch Hydration Watch AppTests.xctest */,
				A77BBE632DC5872500D2B633 /* Watch Hydration Watch AppUITests.xctest */,
				A708E2B72DDE5D3100EA2777 /* HydrationWidgetExtension.appex */,
			);
			name = Products;
			sourceTree = "<group>";
		};
/* End PBXGroup section */

/* Begin PBXNativeTarget section */
		A708E2B62DDE5D3100EA2777 /* HydrationWidgetExtension */ = {
			isa = PBXNativeTarget;
			buildConfigurationList = A708E2C52DDE5D3200EA2777 /* Build configuration list for PBXNativeTarget "HydrationWidgetExtension" */;
			buildPhases = (
				A708E2B32DDE5D3100EA2777 /* Sources */,
				A708E2B42DDE5D3100EA2777 /* Frameworks */,
				A708E2B52DDE5D3100EA2777 /* Resources */,
			);
			buildRules = (
			);
			dependencies = (
			);
			fileSystemSynchronizedGroups = (
				A708E2BA2DDE5D3100EA2777 /* HydrationWidget */,
			);
			name = HydrationWidgetExtension;
			packageProductDependencies = (
			);
			productName = HydrationWidgetExtension;
			productReference = A708E2B72DDE5D3100EA2777 /* HydrationWidgetExtension.appex */;
			productType = "com.apple.product-type.app-extension";
		};
		A77BBE432DC5872400D2B633 /* Watch Hydration */ = {
			isa = PBXNativeTarget;
			buildConfigurationList = A77BBE712DC5872500D2B633 /* Build configuration list for PBXNativeTarget "Watch Hydration" */;
			buildPhases = (
				A77BBE422DC5872400D2B633 /* Resources */,
				A77BBE702DC5872500D2B633 /* Embed Watch Content */,
				A721124F2DDE769C00603F32 /* Embed Foundation Extensions */,
			);
			buildRules = (
			);
			dependencies = (
				A77BBE4D2DC5872400D2B633 /* PBXTargetDependency */,
				A721124E2DDE769C00603F32 /* PBXTargetDependency */,
			);
			name = "Watch Hydration";
			packageProductDependencies = (
			);
			productName = "Watch Hydration";
			productReference = A77BBE442DC5872400D2B633 /* Watch Hydration.app */;
			productType = "com.apple.product-type.application.watchapp2-container";
		};
		A77BBE492DC5872400D2B633 /* Watch Hydration Watch App */ = {
			isa = PBXNativeTarget;
			buildConfigurationList = A77BBE6D2DC5872500D2B633 /* Build configuration list for PBXNativeTarget "Watch Hydration Watch App" */;
			buildPhases = (
				A77BBE462DC5872400D2B633 /* Sources */,
				A77BBE472DC5872400D2B633 /* Frameworks */,
				A77BBE482DC5872400D2B633 /* Resources */,
				A711C1662DC6774000A6D309 /* Embed Frameworks */,
				A72112592DDE950600603F32 /* Embed App Extensions */,
			);
			buildRules = (
			);
			dependencies = (
			);
			fileSystemSynchronizedGroups = (
				A77BBE4E2DC5872400D2B633 /* Watch Hydration Watch App */,
			);
			name = "Watch Hydration Watch App";
			packageProductDependencies = (
			);
			productName = "Watch Hydration Watch App";
			productReference = A77BBE4A2DC5872400D2B633 /* Watch Hydration Watch App.app */;
			productType = "com.apple.product-type.application";
		};
		A77BBE582DC5872500D2B633 /* Watch Hydration Watch AppTests */ = {
			isa = PBXNativeTarget;
			buildConfigurationList = A77BBE742DC5872500D2B633 /* Build configuration list for PBXNativeTarget "Watch Hydration Watch AppTests" */;
			buildPhases = (
				A77BBE552DC5872500D2B633 /* Sources */,
				A77BBE562DC5872500D2B633 /* Frameworks */,
				A77BBE572DC5872500D2B633 /* Resources */,
			);
			buildRules = (
			);
			dependencies = (
				A77BBE5B2DC5872500D2B633 /* PBXTargetDependency */,
			);
			fileSystemSynchronizedGroups = (
				A77BBE5C2DC5872500D2B633 /* Watch Hydration Watch AppTests */,
			);
			name = "Watch Hydration Watch AppTests";
			packageProductDependencies = (
			);
			productName = "Watch Hydration Watch AppTests";
			productReference = A77BBE592DC5872500D2B633 /* Watch Hydration Watch AppTests.xctest */;
			productType = "com.apple.product-type.bundle.unit-test";
		};
		A77BBE622DC5872500D2B633 /* Watch Hydration Watch AppUITests */ = {
			isa = PBXNativeTarget;
			buildConfigurationList = A77BBE772DC5872500D2B633 /* Build configuration list for PBXNativeTarget "Watch Hydration Watch AppUITests" */;
			buildPhases = (
				A77BBE5F2DC5872500D2B633 /* Sources */,
				A77BBE602DC5872500D2B633 /* Frameworks */,
				A77BBE612DC5872500D2B633 /* Resources */,
			);
			buildRules = (
			);
			dependencies = (
				A77BBE652DC5872500D2B633 /* PBXTargetDependency */,
			);
			fileSystemSynchronizedGroups = (
				A77BBE662DC5872500D2B633 /* Watch Hydration Watch AppUITests */,
			);
			name = "Watch Hydration Watch AppUITests";
			packageProductDependencies = (
			);
			productName = "Watch Hydration Watch AppUITests";
			productReference = A77BBE632DC5872500D2B633 /* Watch Hydration Watch AppUITests.xctest */;
			productType = "com.apple.product-type.bundle.ui-testing";
		};
/* End PBXNativeTarget section */

/* Begin PBXProject section */
		A77BBE3E2DC5872400D2B633 /* Project object */ = {
			isa = PBXProject;
			attributes = {
				BuildIndependentTargetsInParallel = 1;
				LastSwiftUpdateCheck = 1630;
				LastUpgradeCheck = 1630;
				TargetAttributes = {
					A708E2B62DDE5D3100EA2777 = {
						CreatedOnToolsVersion = 16.3;
					};
					A77BBE432DC5872400D2B633 = {
						CreatedOnToolsVersion = 16.3;
					};
					A77BBE492DC5872400D2B633 = {
						CreatedOnToolsVersion = 16.3;
					};
					A77BBE582DC5872500D2B633 = {
						CreatedOnToolsVersion = 16.3;
						TestTargetID = A77BBE492DC5872400D2B633;
					};
					A77BBE622DC5872500D2B633 = {
						CreatedOnToolsVersion = 16.3;
						TestTargetID = A77BBE492DC5872400D2B633;
					};
				};
			};
			buildConfigurationList = A77BBE412DC5872400D2B633 /* Build configuration list for PBXProject "Watch Hydration" */;
			developmentRegion = en;
			hasScannedForEncodings = 0;
			knownRegions = (
				en,
				Base,
			);
			mainGroup = A77BBE3D2DC5872400D2B633;
			minimizedProjectReferenceProxies = 1;
			packageReferences = (
			);
			preferredProjectObjectVersion = 77;
			productRefGroup = A77BBE452DC5872400D2B633 /* Products */;
			projectDirPath = "";
			projectRoot = "";
			targets = (
				A77BBE432DC5872400D2B633 /* Watch Hydration */,
				A77BBE492DC5872400D2B633 /* Watch Hydration Watch App */,
				A77BBE582DC5872500D2B633 /* Watch Hydration Watch AppTests */,
				A77BBE622DC5872500D2B633 /* Watch Hydration Watch AppUITests */,
				A708E2B62DDE5D3100EA2777 /* HydrationWidgetExtension */,
			);
		};
/* End PBXProject section */

/* Begin PBXResourcesBuildPhase section */
		A708E2B52DDE5D3100EA2777 /* Resources */ = {
			isa = PBXResourcesBuildPhase;
			buildActionMask = 2147483647;
			files = (
			);
			runOnlyForDeploymentPostprocessing = 0;
		};
		A77BBE422DC5872400D2B633 /* Resources */ = {
			isa = PBXResourcesBuildPhase;
			buildActionMask = 2147483647;
			files = (
			);
			runOnlyForDeploymentPostprocessing = 0;
		};
		A77BBE482DC5872400D2B633 /* Resources */ = {
			isa = PBXResourcesBuildPhase;
			buildActionMask = 2147483647;
			files = (
			);
			runOnlyForDeploymentPostprocessing = 0;
		};
		A77BBE572DC5872500D2B633 /* Resources */ = {
			isa = PBXResourcesBuildPhase;
			buildActionMask = 2147483647;
			files = (
			);
			runOnlyForDeploymentPostprocessing = 0;
		};
		A77BBE612DC5872500D2B633 /* Resources */ = {
			isa = PBXResourcesBuildPhase;
			buildActionMask = 2147483647;
			files = (
			);
			runOnlyForDeploymentPostprocessing = 0;
		};
/* End PBXResourcesBuildPhase section */

/* Begin PBXSourcesBuildPhase section */
		A708E2B32DDE5D3100EA2777 /* Sources */ = {
			isa = PBXSourcesBuildPhase;
			buildActionMask = 2147483647;
			files = (
			);
			runOnlyForDeploymentPostprocessing = 0;
		};
		A77BBE462DC5872400D2B633 /* Sources */ = {
			isa = PBXSourcesBuildPhase;
			buildActionMask = 2147483647;
			files = (
			);
			runOnlyForDeploymentPostprocessing = 0;
		};
		A77BBE552DC5872500D2B633 /* Sources */ = {
			isa = PBXSourcesBuildPhase;
			buildActionMask = 2147483647;
			files = (
			);
			runOnlyForDeploymentPostprocessing = 0;
		};
		A77BBE5F2DC5872500D2B633 /* Sources */ = {
			isa = PBXSourcesBuildPhase;
			buildActionMask = 2147483647;
			files = (
			);
			runOnlyForDeploymentPostprocessing = 0;
		};
/* End PBXSourcesBuildPhase section */

/* Begin PBXTargetDependency section */
		A721124E2DDE769C00603F32 /* PBXTargetDependency */ = {
			isa = PBXTargetDependency;
			target = A708E2B62DDE5D3100EA2777 /* HydrationWidgetExtension */;
			targetProxy = A721124D2DDE769C00603F32 /* PBXContainerItemProxy */;
		};
		A77BBE4D2DC5872400D2B633 /* PBXTargetDependency */ = {
			isa = PBXTargetDependency;
			target = A77BBE492DC5872400D2B633 /* Watch Hydration Watch App */;
			targetProxy = A77BBE4C2DC5872400D2B633 /* PBXContainerItemProxy */;
		};
		A77BBE5B2DC5872500D2B633 /* PBXTargetDependency */ = {
			isa = PBXTargetDependency;
			target = A77BBE492DC5872400D2B633 /* Watch Hydration Watch App */;
			targetProxy = A77BBE5A2DC5872500D2B633 /* PBXContainerItemProxy */;
		};
		A77BBE652DC5872500D2B633 /* PBXTargetDependency */ = {
			isa = PBXTargetDependency;
			target = A77BBE492DC5872400D2B633 /* Watch Hydration Watch App */;
			targetProxy = A77BBE642DC5872500D2B633 /* PBXContainerItemProxy */;
		};
/* End PBXTargetDependency section */

/* Begin XCBuildConfiguration section */
		A708E2C62DDE5D3200EA2777 /* Debug */ = {
			isa = XCBuildConfiguration;
			buildSettings = {
				ASSETCATALOG_COMPILER_GLOBAL_ACCENT_COLOR_NAME = AccentColor;
				ASSETCATALOG_COMPILER_WIDGET_BACKGROUND_COLOR_NAME = WidgetBackground;
				CODE_SIGN_ENTITLEMENTS = HydrationWidgetExtension.entitlements;
				CODE_SIGN_STYLE = Automatic;
				CURRENT_PROJECT_VERSION = 25;
				DEVELOPMENT_TEAM = 4DXF4PAP5P;
				GENERATE_INFOPLIST_FILE = YES;
				INFOPLIST_FILE = HydrationWidget/Info.plist;
				INFOPLIST_KEY_CFBundleDisplayName = HydrationWidget;
				INFOPLIST_KEY_NSHumanReadableCopyright = "";
				LD_RUNPATH_SEARCH_PATHS = (
					"$(inherited)",
					"@executable_path/Frameworks",
					"@executable_path/../../Frameworks",
					"@executable_path/../../../../Frameworks",
				);
				MARKETING_VERSION = 2.0.0;
				PRODUCT_BUNDLE_IDENTIFIER = "com.thomaschatting.Watch-Hydration.watchkitapp.HydrationWidgetExtension";
				PRODUCT_NAME = "$(TARGET_NAME)";
				SDKROOT = watchos;
				SKIP_INSTALL = YES;
				SWIFT_EMIT_LOC_STRINGS = YES;
				SWIFT_VERSION = 5.0;
				TARGETED_DEVICE_FAMILY = 4;
				WATCHOS_DEPLOYMENT_TARGET = 10.6;
			};
			name = Debug;
		};
		A708E2C72DDE5D3200EA2777 /* Release */ = {
			isa = XCBuildConfiguration;
			buildSettings = {
				ASSETCATALOG_COMPILER_GLOBAL_ACCENT_COLOR_NAME = AccentColor;
				ASSETCATALOG_COMPILER_WIDGET_BACKGROUND_COLOR_NAME = WidgetBackground;
				CODE_SIGN_ENTITLEMENTS = HydrationWidgetExtension.entitlements;
				CODE_SIGN_STYLE = Automatic;
				CURRENT_PROJECT_VERSION = 25;
				DEVELOPMENT_TEAM = 4DXF4PAP5P;
				GENERATE_INFOPLIST_FILE = YES;
				INFOPLIST_FILE = HydrationWidget/Info.plist;
				INFOPLIST_KEY_CFBundleDisplayName = HydrationWidget;
				INFOPLIST_KEY_NSHumanReadableCopyright = "";
				LD_RUNPATH_SEARCH_PATHS = (
					"$(inherited)",
					"@executable_path/Frameworks",
					"@executable_path/../../Frameworks",
					"@executable_path/../../../../Frameworks",
				);
				MARKETING_VERSION = 2.0.0;
				PRODUCT_BUNDLE_IDENTIFIER = "com.thomaschatting.Watch-Hydration.watchkitapp.HydrationWidgetExtension";
				PRODUCT_NAME = "$(TARGET_NAME)";
				SDKROOT = watchos;
				SKIP_INSTALL = YES;
				SWIFT_EMIT_LOC_STRINGS = YES;
				SWIFT_VERSION = 5.0;
				TARGETED_DEVICE_FAMILY = 4;
				VALIDATE_PRODUCT = YES;
				WATCHOS_DEPLOYMENT_TARGET = 10.6;
			};
			name = Release;
		};
		A77BBE6B2DC5872500D2B633 /* Debug */ = {
			isa = XCBuildConfiguration;
			buildSettings = {
				ALWAYS_SEARCH_USER_PATHS = NO;
				ASSETCATALOG_COMPILER_GENERATE_SWIFT_ASSET_SYMBOL_EXTENSIONS = YES;
				CLANG_ANALYZER_NONNULL = YES;
				CLANG_ANALYZER_NUMBER_OBJECT_CONVERSION = YES_AGGRESSIVE;
				CLANG_CXX_LANGUAGE_STANDARD = "gnu++20";
				CLANG_ENABLE_MODULES = YES;
				CLANG_ENABLE_OBJC_ARC = YES;
				CLANG_ENABLE_OBJC_WEAK = YES;
				CLANG_WARN_BLOCK_CAPTURE_AUTORELEASING = YES;
				CLANG_WARN_BOOL_CONVERSION = YES;
				CLANG_WARN_COMMA = YES;
				CLANG_WARN_CONSTANT_CONVERSION = YES;
				CLANG_WARN_DEPRECATED_OBJC_IMPLEMENTATIONS = YES;
				CLANG_WARN_DIRECT_OBJC_ISA_USAGE = YES_ERROR;
				CLANG_WARN_DOCUMENTATION_COMMENTS = YES;
				CLANG_WARN_EMPTY_BODY = YES;
				CLANG_WARN_ENUM_CONVERSION = YES;
				CLANG_WARN_INFINITE_RECURSION = YES;
				CLANG_WARN_INT_CONVERSION = YES;
				CLANG_WARN_NON_LITERAL_NULL_CONVERSION = YES;
				CLANG_WARN_OBJC_IMPLICIT_RETAIN_SELF = YES;
				CLANG_WARN_OBJC_LITERAL_CONVERSION = YES;
				CLANG_WARN_OBJC_ROOT_CLASS = YES_ERROR;
				CLANG_WARN_QUOTED_INCLUDE_IN_FRAMEWORK_HEADER = YES;
				CLANG_WARN_RANGE_LOOP_ANALYSIS = YES;
				CLANG_WARN_STRICT_PROTOTYPES = YES;
				CLANG_WARN_SUSPICIOUS_MOVE = YES;
				CLANG_WARN_UNGUARDED_AVAILABILITY = YES_AGGRESSIVE;
				CLANG_WARN_UNREACHABLE_CODE = YES;
				CLANG_WARN__DUPLICATE_METHOD_MATCH = YES;
				COPY_PHASE_STRIP = NO;
				DEBUG_INFORMATION_FORMAT = dwarf;
				DEVELOPMENT_TEAM = 4DXF4PAP5P;
				ENABLE_STRICT_OBJC_MSGSEND = YES;
				ENABLE_TESTABILITY = YES;
				ENABLE_USER_SCRIPT_SANDBOXING = YES;
				GCC_C_LANGUAGE_STANDARD = gnu17;
				GCC_DYNAMIC_NO_PIC = NO;
				GCC_NO_COMMON_BLOCKS = YES;
				GCC_OPTIMIZATION_LEVEL = 0;
				GCC_PREPROCESSOR_DEFINITIONS = (
					"DEBUG=1",
					"$(inherited)",
				);
				GCC_WARN_64_TO_32_BIT_CONVERSION = YES;
				GCC_WARN_ABOUT_RETURN_TYPE = YES_ERROR;
				GCC_WARN_UNDECLARED_SELECTOR = YES;
				GCC_WARN_UNINITIALIZED_AUTOS = YES_AGGRESSIVE;
				GCC_WARN_UNUSED_FUNCTION = YES;
				GCC_WARN_UNUSED_VARIABLE = YES;
				LOCALIZATION_PREFERS_STRING_CATALOGS = YES;
				MTL_ENABLE_DEBUG_INFO = INCLUDE_SOURCE;
				MTL_FAST_MATH = YES;
				ONLY_ACTIVE_ARCH = YES;
				SWIFT_ACTIVE_COMPILATION_CONDITIONS = "DEBUG $(inherited)";
				SWIFT_OPTIMIZATION_LEVEL = "-Onone";
			};
			name = Debug;
		};
		A77BBE6C2DC5872500D2B633 /* Release */ = {
			isa = XCBuildConfiguration;
			buildSettings = {
				ALWAYS_SEARCH_USER_PATHS = NO;
				ASSETCATALOG_COMPILER_GENERATE_SWIFT_ASSET_SYMBOL_EXTENSIONS = YES;
				CLANG_ANALYZER_NONNULL = YES;
				CLANG_ANALYZER_NUMBER_OBJECT_CONVERSION = YES_AGGRESSIVE;
				CLANG_CXX_LANGUAGE_STANDARD = "gnu++20";
				CLANG_ENABLE_MODULES = YES;
				CLANG_ENABLE_OBJC_ARC = YES;
				CLANG_ENABLE_OBJC_WEAK = YES;
				CLANG_WARN_BLOCK_CAPTURE_AUTORELEASING = YES;
				CLANG_WARN_BOOL_CONVERSION = YES;
				CLANG_WARN_COMMA = YES;
				CLANG_WARN_CONSTANT_CONVERSION = YES;
				CLANG_WARN_DEPRECATED_OBJC_IMPLEMENTATIONS = YES;
				CLANG_WARN_DIRECT_OBJC_ISA_USAGE = YES_ERROR;
				CLANG_WARN_DOCUMENTATION_COMMENTS = YES;
				CLANG_WARN_EMPTY_BODY = YES;
				CLANG_WARN_ENUM_CONVERSION = YES;
				CLANG_WARN_INFINITE_RECURSION = YES;
				CLANG_WARN_INT_CONVERSION = YES;
				CLANG_WARN_NON_LITERAL_NULL_CONVERSION = YES;
				CLANG_WARN_OBJC_IMPLICIT_RETAIN_SELF = YES;
				CLANG_WARN_OBJC_LITERAL_CONVERSION = YES;
				CLANG_WARN_OBJC_ROOT_CLASS = YES_ERROR;
				CLANG_WARN_QUOTED_INCLUDE_IN_FRAMEWORK_HEADER = YES;
				CLANG_WARN_RANGE_LOOP_ANALYSIS = YES;
				CLANG_WARN_STRICT_PROTOTYPES = YES;
				CLANG_WARN_SUSPICIOUS_MOVE = YES;
				CLANG_WARN_UNGUARDED_AVAILABILITY = YES_AGGRESSIVE;
				CLANG_WARN_UNREACHABLE_CODE = YES;
				CLANG_WARN__DUPLICATE_METHOD_MATCH = YES;
				COPY_PHASE_STRIP = NO;
				DEBUG_INFORMATION_FORMAT = "dwarf-with-dsym";
				DEVELOPMENT_TEAM = 4DXF4PAP5P;
				ENABLE_NS_ASSERTIONS = NO;
				ENABLE_STRICT_OBJC_MSGSEND = YES;
				ENABLE_USER_SCRIPT_SANDBOXING = YES;
				GCC_C_LANGUAGE_STANDARD = gnu17;
				GCC_NO_COMMON_BLOCKS = YES;
				GCC_WARN_64_TO_32_BIT_CONVERSION = YES;
				GCC_WARN_ABOUT_RETURN_TYPE = YES_ERROR;
				GCC_WARN_UNDECLARED_SELECTOR = YES;
				GCC_WARN_UNINITIALIZED_AUTOS = YES_AGGRESSIVE;
				GCC_WARN_UNUSED_FUNCTION = YES;
				GCC_WARN_UNUSED_VARIABLE = YES;
				LOCALIZATION_PREFERS_STRING_CATALOGS = YES;
				MTL_ENABLE_DEBUG_INFO = NO;
				MTL_FAST_MATH = YES;
				SWIFT_COMPILATION_MODE = wholemodule;
			};
			name = Release;
		};
		A77BBE6E2DC5872500D2B633 /* Debug */ = {
			isa = XCBuildConfiguration;
			buildSettings = {
				ASSETCATALOG_COMPILER_APPICON_NAME = AppIcon;
				ASSETCATALOG_COMPILER_GLOBAL_ACCENT_COLOR_NAME = AccentColor;
				CODE_SIGN_ENTITLEMENTS = "Watch Hydration Watch App/Watch Hydration Watch App.entitlements";
				CODE_SIGN_STYLE = Automatic;
				CURRENT_PROJECT_VERSION = 25;
				DEVELOPMENT_TEAM = 4DXF4PAP5P;
				ENABLE_PREVIEWS = YES;
				GENERATE_INFOPLIST_FILE = YES;
				INFOPLIST_FILE = "Watch Hydration Watch App/Info.plist";
				INFOPLIST_KEY_CFBundleDisplayName = "Watch Hydration";
				INFOPLIST_KEY_CLKComplicationPrincipalClass = "$(PRODUCT_MODULE_NAME).ComplicationController";
				INFOPLIST_KEY_ITSAppUsesNonExemptEncryption = NO;
				INFOPLIST_KEY_NSHealthShareUsageDescription = "Access to your health data is required to display your water intake for the day.";
				INFOPLIST_KEY_NSHealthUpdateUsageDescription = "This functionality is required to update your water intake, writing to HealthKit.";
				INFOPLIST_KEY_UISupportedInterfaceOrientations = "UIInterfaceOrientationPortrait UIInterfaceOrientationPortraitUpsideDown";
				INFOPLIST_KEY_WKWatchOnly = YES;
				LD_RUNPATH_SEARCH_PATHS = (
					"$(inherited)",
					"@executable_path/Frameworks",
				);
				MARKETING_VERSION = 2.0.0;
				PRODUCT_BUNDLE_IDENTIFIER = "com.thomaschatting.Watch-Hydration.watchkitapp";
				PRODUCT_NAME = "$(TARGET_NAME)";
				SDKROOT = watchos;
				SKIP_INSTALL = YES;
				SWIFT_EMIT_LOC_STRINGS = YES;
				SWIFT_VERSION = 5.0;
				TARGETED_DEVICE_FAMILY = 4;
				WATCHOS_DEPLOYMENT_TARGET = 10.6;
			};
			name = Debug;
		};
		A77BBE6F2DC5872500D2B633 /* Release */ = {
			isa = XCBuildConfiguration;
			buildSettings = {
				ASSETCATALOG_COMPILER_APPICON_NAME = AppIcon;
				ASSETCATALOG_COMPILER_GLOBAL_ACCENT_COLOR_NAME = AccentColor;
				CODE_SIGN_ENTITLEMENTS = "Watch Hydration Watch App/Watch Hydration Watch App.entitlements";
				CODE_SIGN_STYLE = Automatic;
				CURRENT_PROJECT_VERSION = 25;
				DEVELOPMENT_TEAM = 4DXF4PAP5P;
				ENABLE_PREVIEWS = YES;
				GENERATE_INFOPLIST_FILE = YES;
				INFOPLIST_FILE = "Watch Hydration Watch App/Info.plist";
				INFOPLIST_KEY_CFBundleDisplayName = "Watch Hydration";
				INFOPLIST_KEY_CLKComplicationPrincipalClass = "$(PRODUCT_MODULE_NAME).ComplicationController";
				INFOPLIST_KEY_ITSAppUsesNonExemptEncryption = NO;
				INFOPLIST_KEY_NSHealthShareUsageDescription = "Access to your health data is required to display your water intake for the day.";
				INFOPLIST_KEY_NSHealthUpdateUsageDescription = "This functionality is required to update your water intake, writing to HealthKit.";
				INFOPLIST_KEY_UISupportedInterfaceOrientations = "UIInterfaceOrientationPortrait UIInterfaceOrientationPortraitUpsideDown";
				INFOPLIST_KEY_WKWatchOnly = YES;
				LD_RUNPATH_SEARCH_PATHS = (
					"$(inherited)",
					"@executable_path/Frameworks",
				);
				MARKETING_VERSION = 2.0.0;
				PRODUCT_BUNDLE_IDENTIFIER = "com.thomaschatting.Watch-Hydration.watchkitapp";
				PRODUCT_NAME = "$(TARGET_NAME)";
				SDKROOT = watchos;
				SKIP_INSTALL = YES;
				SWIFT_EMIT_LOC_STRINGS = YES;
				SWIFT_VERSION = 5.0;
				TARGETED_DEVICE_FAMILY = 4;
				VALIDATE_PRODUCT = YES;
				WATCHOS_DEPLOYMENT_TARGET = 10.6;
			};
			name = Release;
		};
		A77BBE722DC5872500D2B633 /* Debug */ = {
			isa = XCBuildConfiguration;
			buildSettings = {
				CODE_SIGN_STYLE = Automatic;
				CURRENT_PROJECT_VERSION = 25;
				DEVELOPMENT_TEAM = 4DXF4PAP5P;
				INFOPLIST_FILE = Info.plist;
				INFOPLIST_KEY_CFBundleDisplayName = "Watch Hydration";
				IPHONEOS_DEPLOYMENT_TARGET = 17.6;
				MARKETING_VERSION = 2.0.0;
				PRODUCT_BUNDLE_IDENTIFIER = "com.thomaschatting.Watch-Hydration";
				PRODUCT_NAME = "$(TARGET_NAME)";
				SDKROOT = iphoneos;
				SWIFT_VERSION = 5.0;
			};
			name = Debug;
		};
		A77BBE732DC5872500D2B633 /* Release */ = {
			isa = XCBuildConfiguration;
			buildSettings = {
				CODE_SIGN_STYLE = Automatic;
				CURRENT_PROJECT_VERSION = 25;
				DEVELOPMENT_TEAM = 4DXF4PAP5P;
				INFOPLIST_FILE = Info.plist;
				INFOPLIST_KEY_CFBundleDisplayName = "Watch Hydration";
				IPHONEOS_DEPLOYMENT_TARGET = 17.6;
				MARKETING_VERSION = 2.0.0;
				PRODUCT_BUNDLE_IDENTIFIER = "com.thomaschatting.Watch-Hydration";
				PRODUCT_NAME = "$(TARGET_NAME)";
				SDKROOT = iphoneos;
				SWIFT_VERSION = 5.0;
				VALIDATE_PRODUCT = YES;
			};
			name = Release;
		};
		A77BBE752DC5872500D2B633 /* Debug */ = {
			isa = XCBuildConfiguration;
			buildSettings = {
				BUNDLE_LOADER = "$(TEST_HOST)";
				CODE_SIGN_STYLE = Automatic;
				CURRENT_PROJECT_VERSION = 1;
				DEVELOPMENT_TEAM = 4DXF4PAP5P;
				GENERATE_INFOPLIST_FILE = YES;
				MARKETING_VERSION = 1.0;
				PRODUCT_BUNDLE_IDENTIFIER = "com.thomaschatting.Watch-Hydration-Watch-AppTests";
				PRODUCT_NAME = "$(TARGET_NAME)";
				SDKROOT = watchos;
				SWIFT_EMIT_LOC_STRINGS = NO;
				SWIFT_VERSION = 5.0;
				TARGETED_DEVICE_FAMILY = 4;
				TEST_HOST = "$(BUILT_PRODUCTS_DIR)/Watch Hydration Watch App.app/$(BUNDLE_EXECUTABLE_FOLDER_PATH)/Watch Hydration Watch App";
				WATCHOS_DEPLOYMENT_TARGET = 10.6;
			};
			name = Debug;
		};
		A77BBE762DC5872500D2B633 /* Release */ = {
			isa = XCBuildConfiguration;
			buildSettings = {
				BUNDLE_LOADER = "$(TEST_HOST)";
				CODE_SIGN_STYLE = Automatic;
				CURRENT_PROJECT_VERSION = 1;
				DEVELOPMENT_TEAM = 4DXF4PAP5P;
				GENERATE_INFOPLIST_FILE = YES;
				MARKETING_VERSION = 1.0;
				PRODUCT_BUNDLE_IDENTIFIER = "com.thomaschatting.Watch-Hydration-Watch-AppTests";
				PRODUCT_NAME = "$(TARGET_NAME)";
				SDKROOT = watchos;
				SWIFT_EMIT_LOC_STRINGS = NO;
				SWIFT_VERSION = 5.0;
				TARGETED_DEVICE_FAMILY = 4;
				TEST_HOST = "$(BUILT_PRODUCTS_DIR)/Watch Hydration Watch App.app/$(BUNDLE_EXECUTABLE_FOLDER_PATH)/Watch Hydration Watch App";
				VALIDATE_PRODUCT = YES;
				WATCHOS_DEPLOYMENT_TARGET = 10.6;
			};
			name = Release;
		};
		A77BBE782DC5872500D2B633 /* Debug */ = {
			isa = XCBuildConfiguration;
			buildSettings = {
				CODE_SIGN_STYLE = Automatic;
				CURRENT_PROJECT_VERSION = 1;
				DEVELOPMENT_TEAM = 4DXF4PAP5P;
				GENERATE_INFOPLIST_FILE = YES;
				MARKETING_VERSION = 1.0;
				PRODUCT_BUNDLE_IDENTIFIER = "com.thomaschatting.Watch-Hydration-Watch-AppUITests";
				PRODUCT_NAME = "$(TARGET_NAME)";
				SDKROOT = watchos;
				SWIFT_EMIT_LOC_STRINGS = NO;
				SWIFT_VERSION = 5.0;
				TARGETED_DEVICE_FAMILY = 4;
				TEST_TARGET_NAME = "Watch Hydration Watch App";
				WATCHOS_DEPLOYMENT_TARGET = 10.6;
			};
			name = Debug;
		};
		A77BBE792DC5872500D2B633 /* Release */ = {
			isa = XCBuildConfiguration;
			buildSettings = {
				CODE_SIGN_STYLE = Automatic;
				CURRENT_PROJECT_VERSION = 1;
				DEVELOPMENT_TEAM = 4DXF4PAP5P;
				GENERATE_INFOPLIST_FILE = YES;
				MARKETING_VERSION = 1.0;
				PRODUCT_BUNDLE_IDENTIFIER = "com.thomaschatting.Watch-Hydration-Watch-AppUITests";
				PRODUCT_NAME = "$(TARGET_NAME)";
				SDKROOT = watchos;
				SWIFT_EMIT_LOC_STRINGS = NO;
				SWIFT_VERSION = 5.0;
				TARGETED_DEVICE_FAMILY = 4;
				TEST_TARGET_NAME = "Watch Hydration Watch App";
				VALIDATE_PRODUCT = YES;
				WATCHOS_DEPLOYMENT_TARGET = 10.6;
			};
			name = Release;
		};
/* End XCBuildConfiguration section */

/* Begin XCConfigurationList section */
		A708E2C52DDE5D3200EA2777 /* Build configuration list for PBXNativeTarget "HydrationWidgetExtension" */ = {
			isa = XCConfigurationList;
			buildConfigurations = (
				A708E2C62DDE5D3200EA2777 /* Debug */,
				A708E2C72DDE5D3200EA2777 /* Release */,
			);
			defaultConfigurationIsVisible = 0;
			defaultConfigurationName = Release;
		};
		A77BBE412DC5872400D2B633 /* Build configuration list for PBXProject "Watch Hydration" */ = {
			isa = XCConfigurationList;
			buildConfigurations = (
				A77BBE6B2DC5872500D2B633 /* Debug */,
				A77BBE6C2DC5872500D2B633 /* Release */,
			);
			defaultConfigurationIsVisible = 0;
			defaultConfigurationName = Release;
		};
		A77BBE6D2DC5872500D2B633 /* Build configuration list for PBXNativeTarget "Watch Hydration Watch App" */ = {
			isa = XCConfigurationList;
			buildConfigurations = (
				A77BBE6E2DC5872500D2B633 /* Debug */,
				A77BBE6F2DC5872500D2B633 /* Release */,
			);
			defaultConfigurationIsVisible = 0;
			defaultConfigurationName = Release;
		};
		A77BBE712DC5872500D2B633 /* Build configuration list for PBXNativeTarget "Watch Hydration" */ = {
			isa = XCConfigurationList;
			buildConfigurations = (
				A77BBE722DC5872500D2B633 /* Debug */,
				A77BBE732DC5872500D2B633 /* Release */,
			);
			defaultConfigurationIsVisible = 0;
			defaultConfigurationName = Release;
		};
		A77BBE742DC5872500D2B633 /* Build configuration list for PBXNativeTarget "Watch Hydration Watch AppTests" */ = {
			isa = XCConfigurationList;
			buildConfigurations = (
				A77BBE752DC5872500D2B633 /* Debug */,
				A77BBE762DC5872500D2B633 /* Release */,
			);
			defaultConfigurationIsVisible = 0;
			defaultConfigurationName = Release;
		};
		A77BBE772DC5872500D2B633 /* Build configuration list for PBXNativeTarget "Watch Hydration Watch AppUITests" */ = {
			isa = XCConfigurationList;
			buildConfigurations = (
				A77BBE782DC5872500D2B633 /* Debug */,
				A77BBE792DC5872500D2B633 /* Release */,
			);
			defaultConfigurationIsVisible = 0;
			defaultConfigurationName = Release;
		};
/* End XCConfigurationList section */
	};
	rootObject = A77BBE3E2DC5872400D2B633 /* Project object */;
}
